
Microsoft Visual Studio Solution File, Format Version 12.00
# Visual Studio 2013
VisualStudioVersion = 12.0.31101.0
MinimumVisualStudioVersion = 10.0.40219.1
Project("{FAE04EC0-301F-11D3-BF4B-00C04F79EFBC}") = "CServer", "CServer\CServer.csproj", "{820BE892-0FE1-498A-90BE-4BDA99AB54EF}"
EndProject
Project("{FAE04EC0-301F-11D3-BF4B-00C04F79EFBC}") = "CamozziServer", "CamozziServer\CamozziServer.csproj", "{71D0C22F-A8C9-436F-8396-93F9559B7DB4}"
EndProject
Project("{FAE04EC0-301F-11D3-BF4B-00C04F79EFBC}") = "DataController", "DataController\DataController.csproj", "{78D54F02-76C5-4FDB-8005-573EE5C1DF8C}"
EndProject
Global
	GlobalSection(SolutionConfigurationPlatforms) = preSolution
		Debug|Any CPU = Debug|Any CPU
		Release|Any CPU = Release|Any CPU
	EndGlobalSection
	GlobalSection(ProjectConfigurationPlatforms) = postSolution
		{820BE892-0FE1-498A-90BE-4BDA99AB54EF}.Debug|Any CPU.ActiveCfg = Debug|Any CPU
		{820BE892-0FE1-498A-90BE-4BDA99AB54EF}.Debug|Any CPU.Build.0 = Debug|Any CPU
		{820BE892-0FE1-498A-90BE-4BDA99AB54EF}.Release|Any CPU.ActiveCfg = Release|Any CPU
		{820BE892-0FE1-498A-90BE-4BDA99AB54EF}.Release|Any CPU.Build.0 = Release|Any CPU
		{71D0C22F-A8C9-436F-8396-93F9559B7DB4}.Debug|Any CPU.ActiveCfg = Debug|Any CPU
		{71D0C22F-A8C9-436F-8396-93F9559B7DB4}.Debug|Any CPU.Build.0 = Debug|Any CPU
		{71D0C22F-A8C9-436F-8396-93F9559B7DB4}.Release|Any CPU.ActiveCfg = Release|Any CPU
		{71D0C22F-A8C9-436F-8396-93F9559B7DB4}.Release|Any CPU.Build.0 = Release|Any CPU
		{78D54F02-76C5-4FDB-8005-573EE5C1DF8C}.Debug|Any CPU.ActiveCfg = Debug|Any CPU
		{78D54F02-76C5-4FDB-8005-573EE5C1DF8C}.Debug|Any CPU.Build.0 = Debug|Any CPU
		{78D54F02-76C5-4FDB-8005-573EE5C1DF8C}.Release|Any CPU.ActiveCfg = Release|Any CPU
		{78D54F02-76C5-4FDB-8005-573EE5C1DF8C}.Release|Any CPU.Build.0 = Release|Any CPU
	EndGlobalSection
	GlobalSection(SolutionProperties) = preSolution
		HideSolutionNode = FALSE
	EndGlobalSection
EndGlobal
